lockfileVersion: '9.0'

settings:
  autoInstallPeers: true
  excludeLinksFromLockfile: false

importers:

  .:
    dependencies:
      '@qtsurfer/api-client':
        specifier: file:../qtsurfer-api-client-ts
        version: file:../qtsurfer-api-client-ts
    devDependencies:
      typescript:
        specifier: ^5.8.0
        version: 5.9.3

packages:

  '@hey-api/client-fetch@0.8.4':
    resolution: {integrity: sha512-SWtUjVEFIUdiJGR2NiuF0njsSrSdTe7WHWkp3BLH3DEl2bRhiflOnBo29NSDdrY90hjtTQiTQkBxUgGOF29Xzg==}
    deprecated: Starting with v0.73.0, this package is bundled directly inside @hey-api/openapi-ts.

  '@qtsurfer/api-client@file:../qtsurfer-api-client-ts':
    resolution: {directory: ../qtsurfer-api-client-ts, type: directory}
    engines: {node: '>=20'}

  typescript@5.9.3:
    resolution: {integrity: sha512-jl1vZzPDinLr9eUt3J/t7V6FgNEw9QjvBPdysz9KfQDD41fQrC2Y4vKQdiaUpFT4bXlb1RHhLpp8wtm6M5TgSw==}
    engines: {node: '>=14.17'}
    hasBin: true

snapshots:

  '@hey-api/client-fetch@0.8.4': {}

  '@qtsurfer/api-client@file:../qtsurfer-api-client-ts':
    dependencies:
      '@hey-api/client-fetch': 0.8.4

  typescript@5.9.3: {}
